
Microsoft Visual Studio Solution File, Format Version 12.00
# Visual Studio Version 17
VisualStudioVersion = 17.14.36429.23 d17.14
MinimumVisualStudioVersion = 10.0.40219.1
Project("{8BC9CEB8-8B4A-11D0-8D11-00A0C91BC942}") = "Lab3_task1", "Lab3_task1.vcxproj", "{346CDC5F-A5D4-42C4-BE82-CE1490BBDE9C}"
EndProject
Project("{8BC9CEB8-8B4A-11D0-8D11-00A0C91BC942}") = "Lab3_task2", "..\Lab3_task2\Lab3_task2.vcxproj", "{6A7CF912-EA31-4076-9F25-A21729D11AD0}"
EndProject
Global
	GlobalSection(SolutionConfigurationPlatforms) = preSolution
		Debug|x64 = Debug|x64
		Debug|x86 = Debug|x86
		Release|x64 = Release|x64
		Release|x86 = Release|x86
	EndGlobalSection
	GlobalSection(ProjectConfigurationPlatforms) = postSolution
		{346CDC5F-A5D4-42C4-BE82-CE1490BBDE9C}.Debug|x64.ActiveCfg = Debug|x64
		{346CDC5F-A5D4-42C4-BE82-CE1490BBDE9C}.Debug|x64.Build.0 = Debug|x64
		{346CDC5F-A5D4-42C4-BE82-CE1490BBDE9C}.Debug|x86.ActiveCfg = Debug|Win32
		{346CDC5F-A5D4-42C4-BE82-CE1490BBDE9C}.Debug|x86.Build.0 = Debug|Win32
		{346CDC5F-A5D4-42C4-BE82-CE1490BBDE9C}.Release|x64.ActiveCfg = Release|x64
		{346CDC5F-A5D4-42C4-BE82-CE1490BBDE9C}.Release|x64.Build.0 = Release|x64
		{346CDC5F-A5D4-42C4-BE82-CE1490BBDE9C}.Release|x86.ActiveCfg = Release|Win32
		{346CDC5F-A5D4-42C4-BE82-CE1490BBDE9C}.Release|x86.Build.0 = Release|Win32
		{6A7CF912-EA31-4076-9F25-A21729D11AD0}.Debug|x64.ActiveCfg = Debug|x64
		{6A7CF912-EA31-4076-9F25-A21729D11AD0}.Debug|x64.Build.0 = Debug|x64
		{6A7CF912-EA31-4076-9F25-A21729D11AD0}.Debug|x86.ActiveCfg = Debug|Win32
		{6A7CF912-EA31-4076-9F25-A21729D11AD0}.Debug|x86.Build.0 = Debug|Win32
		{6A7CF912-EA31-4076-9F25-A21729D11AD0}.Release|x64.ActiveCfg = Release|x64
		{6A7CF912-EA31-4076-9F25-A21729D11AD0}.Release|x64.Build.0 = Release|x64
		{6A7CF912-EA31-4076-9F25-A21729D11AD0}.Release|x86.ActiveCfg = Release|Win32
		{6A7CF912-EA31-4076-9F25-A21729D11AD0}.Release|x86.Build.0 = Release|Win32
	EndGlobalSection
	GlobalSection(SolutionProperties) = preSolution
		HideSolutionNode = FALSE
	EndGlobalSection
	GlobalSection(ExtensibilityGlobals) = postSolution
		SolutionGuid = {3C3E2C43-F29B-42CC-AD92-CE5B07EF2E86}
	EndGlobalSection
EndGlobal
